github.com/hsiafan/gocoa v0.0.0-20201105041755-d104f410e356 h1:9+A8qe+TeK1avIZhF6BqEst/Oyjb+WtF95tEq68JSX0=
github.com/hsiafan/gocoa v0.0.0-20201105041755-d104f410e356/go.mod h1:OqUXuO1OmlF/XeJ5LSKTZTBBoJ5pZNNqis1r4rMDsC0=
github.com/mojbro/gocoa v0.0.0-20190904055300-0379751ad0a4/go.mod h1:CwYtDl7ZIiyBU1/84Wr/JqNYPP8dDK9ffGknG2znkao=
